
Microsoft Visual Studio Solution File, Format Version 12.00
# Visual Studio Version 17
VisualStudioVersion = 17.12.35527.113
MinimumVisualStudioVersion = 10.0.40219.1
Project("{FAE04EC0-301F-11D3-BF4B-00C04F79EFBC}") = "DbManagerApi", "DbManagerApi\DbManagerApi.csproj", "{98EE59A5-F96F-436B-A9C9-F5B443BB4F61}"
EndProject
Project("{FAE04EC0-301F-11D3-BF4B-00C04F79EFBC}") = "Infrastructure", "Infrastructure\Infrastructure.csproj", "{5872AEB3-BAA3-FE31-B0EB-0FB6DBEDCF83}"
EndProject
Project("{FAE04EC0-301F-11D3-BF4B-00C04F79EFBC}") = "Application", "Application\Application.csproj", "{72909971-6E3F-4C46-A71E-95AEF5E64536}"
EndProject
Project("{FAE04EC0-301F-11D3-BF4B-00C04F79EFBC}") = "DomainData", "DomainData\DomainData.csproj", "{224D70DE-D738-4D7E-1F20-49E169E144D9}"
EndProject
Global
	GlobalSection(SolutionConfigurationPlatforms) = preSolution
		Debug|Any CPU = Debug|Any CPU
		Release|Any CPU = Release|Any CPU
	EndGlobalSection
	GlobalSection(ProjectConfigurationPlatforms) = postSolution
		{98EE59A5-F96F-436B-A9C9-F5B443BB4F61}.Debug|Any CPU.ActiveCfg = Debug|Any CPU
		{98EE59A5-F96F-436B-A9C9-F5B443BB4F61}.Debug|Any CPU.Build.0 = Debug|Any CPU
		{98EE59A5-F96F-436B-A9C9-F5B443BB4F61}.Release|Any CPU.ActiveCfg = Release|Any CPU
		{98EE59A5-F96F-436B-A9C9-F5B443BB4F61}.Release|Any CPU.Build.0 = Release|Any CPU
		{5872AEB3-BAA3-FE31-B0EB-0FB6DBEDCF83}.Debug|Any CPU.ActiveCfg = Debug|Any CPU
		{5872AEB3-BAA3-FE31-B0EB-0FB6DBEDCF83}.Debug|Any CPU.Build.0 = Debug|Any CPU
		{5872AEB3-BAA3-FE31-B0EB-0FB6DBEDCF83}.Release|Any CPU.ActiveCfg = Release|Any CPU
		{5872AEB3-BAA3-FE31-B0EB-0FB6DBEDCF83}.Release|Any CPU.Build.0 = Release|Any CPU
		{72909971-6E3F-4C46-A71E-95AEF5E64536}.Debug|Any CPU.ActiveCfg = Debug|Any CPU
		{72909971-6E3F-4C46-A71E-95AEF5E64536}.Debug|Any CPU.Build.0 = Debug|Any CPU
		{72909971-6E3F-4C46-A71E-95AEF5E64536}.Release|Any CPU.ActiveCfg = Release|Any CPU
		{72909971-6E3F-4C46-A71E-95AEF5E64536}.Release|Any CPU.Build.0 = Release|Any CPU
		{224D70DE-D738-4D7E-1F20-49E169E144D9}.Debug|Any CPU.ActiveCfg = Debug|Any CPU
		{224D70DE-D738-4D7E-1F20-49E169E144D9}.Debug|Any CPU.Build.0 = Debug|Any CPU
		{224D70DE-D738-4D7E-1F20-49E169E144D9}.Release|Any CPU.ActiveCfg = Release|Any CPU
		{224D70DE-D738-4D7E-1F20-49E169E144D9}.Release|Any CPU.Build.0 = Release|Any CPU
	EndGlobalSection
	GlobalSection(SolutionProperties) = preSolution
		HideSolutionNode = FALSE
	EndGlobalSection
	GlobalSection(ExtensibilityGlobals) = postSolution
		SolutionGuid = {94A79AB7-B04A-4A37-A0F2-82096498757F}
	EndGlobalSection
EndGlobal
